{
    "name": "shu-bot",
    "lockfileVersion": 2,
    "requires": true,
    "packages": {
        "": {
            "dependencies": {
                "discord.js": "^14.6.0",
                "dotenv": "^16.0.3"
            },
            "devDependencies": {
                "@types/node": "^18.11.9",
                "ts-node": "^10.9.1",
                "typescript": "^4.9.3"
            }
        },
        "node_modules/@cspotcode/source-map-support": {
            "version": "0.8.1",
            "dev": true,
            "license": "MIT",
            "dependencies": {
                "@jridgewell/trace-mapping": "0.3.9"
            },
            "engines": {
                "node": ">=12"
            }
        },
        "node_modules/@discordjs/builders": {
            "version": "1.3.0",
            "license": "Apache-2.0",
            "dependencies": {
                "@discordjs/util": "^0.1.0",
                "@sapphire/shapeshift": "^3.7.0",
                "discord-api-types": "^0.37.12",
                "fast-deep-equal": "^3.1.3",
                "ts-mixer": "^6.0.1",
                "tslib": "^2.4.0"
            },
            "engines": {
                "node": ">=16.9.0"
            }
        },
        "node_modules/@discordjs/collection": {
            "version": "1.2.0",
            "license": "Apache-2.0",
            "engines": {
                "node": ">=16.9.0"
            }
        },
        "node_modules/@discordjs/rest": {
            "version": "1.3.0",
            "license": "Apache-2.0",
            "dependencies": {
                "@discordjs/collection": "^1.2.0",
                "@discordjs/util": "^0.1.0",
                "@sapphire/async-queue": "^1.5.0",
                "@sapphire/snowflake": "^3.2.2",
                "discord-api-types": "^0.37.12",
                "file-type": "^18.0.0",
                "tslib": "^2.4.0",
                "undici": "^5.11.0"
            },
            "engines": {
                "node": ">=16.9.0"
            }
        },
        "node_modules/@discordjs/util": {
            "version": "0.1.0",
            "license": "Apache-2.0",
            "engines": {
                "node": ">=16.9.0"
            }
        },
        "node_modules/@jridgewell/resolve-uri": {
            "version": "3.1.0",
            "dev": true,
            "license": "MIT",
            "engines": {
                "node": ">=6.0.0"
            }
        },
        "node_modules/@jridgewell/sourcemap-codec": {
            "version": "1.4.14",
            "dev": true,
            "license": "MIT"
        },
        "node_modules/@jridgewell/trace-mapping": {
            "version": "0.3.9",
            "dev": true,
            "license": "MIT",
            "dependencies": {
                "@jridgewell/resolve-uri": "^3.0.3",
                "@jridgewell/sourcemap-codec": "^1.4.10"
            }
        },
        "node_modules/@sapphire/async-queue": {
            "version": "1.5.0",
            "license": "MIT",
            "engines": {
                "node": ">=v14.0.0",
                "npm": ">=7.0.0"
            }
        },
        "node_modules/@sapphire/shapeshift": {
            "version": "3.7.0",
            "license": "MIT",
            "dependencies": {
                "fast-deep-equal": "^3.1.3",
                "lodash.uniqwith": "^4.5.0"
            },
            "engines": {
                "node": ">=v14.0.0",
                "npm": ">=7.0.0"
            }
        },
        "node_modules/@sapphire/snowflake": {
            "version": "3.2.2",
            "license": "MIT",
            "engines": {
                "node": ">=v14.0.0",
                "npm": ">=7.0.0"
            }
        },
        "node_modules/@tokenizer/token": {
            "version": "0.3.0",
            "license": "MIT"
        },
        "node_modules/@tsconfig/node10": {
            "version": "1.0.9",
            "dev": true,
            "license": "MIT"
        },
        "node_modules/@tsconfig/node12": {
            "version": "1.0.11",
            "dev": true,
            "license": "MIT"
        },
        "node_modules/@tsconfig/node14": {
            "version": "1.0.3",
            "dev": true,
            "license": "MIT"
        },
        "node_modules/@tsconfig/node16": {
            "version": "1.0.3",
            "dev": true,
            "license": "MIT"
        },
        "node_modules/@types/node": {
            "version": "18.11.9",
            "license": "MIT"
        },
        "node_modules/@types/ws": {
            "version": "8.5.3",
            "license": "MIT",
            "dependencies": {
                "@types/node": "*"
            }
        },
        "node_modules/acorn": {
            "version": "8.8.1",
            "dev": true,
            "license": "MIT",
            "bin": {
                "acorn": "bin/acorn"
            },
            "engines": {
                "node": ">=0.4.0"
            }
        },
        "node_modules/acorn-walk": {
            "version": "8.2.0",
            "dev": true,
            "license": "MIT",
            "engines": {
                "node": ">=0.4.0"
            }
        },
        "node_modules/arg": {
            "version": "4.1.3",
            "dev": true,
            "license": "MIT"
        },
        "node_modules/busboy": {
            "version": "1.6.0",
            "dependencies": {
                "streamsearch": "^1.1.0"
            },
            "engines": {
                "node": ">=10.16.0"
            }
        },
        "node_modules/create-require": {
            "version": "1.1.1",
            "dev": true,
            "license": "MIT"
        },
        "node_modules/diff": {
            "version": "4.0.2",
            "dev": true,
            "license": "BSD-3-Clause",
            "engines": {
                "node": ">=0.3.1"
            }
        },
        "node_modules/discord-api-types": {
            "version": "0.37.18",
            "license": "MIT"
        },
        "node_modules/discord.js": {
            "version": "14.6.0",
            "license": "Apache-2.0",
            "dependencies": {
                "@discordjs/builders": "^1.3.0",
                "@discordjs/collection": "^1.2.0",
                "@discordjs/rest": "^1.3.0",
                "@discordjs/util": "^0.1.0",
                "@sapphire/snowflake": "^3.2.2",
                "@types/ws": "^8.5.3",
                "discord-api-types": "^0.37.12",
                "fast-deep-equal": "^3.1.3",
                "lodash.snakecase": "^4.1.1",
                "tslib": "^2.4.0",
                "undici": "^5.11.0",
                "ws": "^8.9.0"
            },
            "engines": {
                "node": ">=16.9.0"
            }
        },
        "node_modules/dotenv": {
            "version": "16.0.3",
            "resolved": "https://registry.npmjs.org/dotenv/-/dotenv-16.0.3.tgz",
            "integrity": "sha512-7GO6HghkA5fYG9TYnNxi14/7K9f5occMlp3zXAuSxn7CKCxt9xbNWG7yF8hTCSUchlfWSe3uLmlPfigevRItzQ==",
            "engines": {
                "node": ">=12"
            }
        },
        "node_modules/fast-deep-equal": {
            "version": "3.1.3",
            "license": "MIT"
        },
        "node_modules/file-type": {
            "version": "18.0.0",
            "license": "MIT",
            "dependencies": {
                "readable-web-to-node-stream": "^3.0.2",
                "strtok3": "^7.0.0",
                "token-types": "^5.0.1"
            },
            "engines": {
                "node": ">=14.16"
            },
            "funding": {
                "url": "https://github.com/sindresorhus/file-type?sponsor=1"
            }
        },
        "node_modules/ieee754": {
            "version": "1.2.1",
            "funding": [
                {
                    "type": "github",
                    "url": "https://github.com/sponsors/feross"
                },
                {
                    "type": "patreon",
                    "url": "https://www.patreon.com/feross"
                },
                {
                    "type": "consulting",
                    "url": "https://feross.org/support"
                }
            ],
            "license": "BSD-3-Clause"
        },
        "node_modules/inherits": {
            "version": "2.0.4",
            "license": "ISC"
        },
        "node_modules/lodash.snakecase": {
            "version": "4.1.1",
            "license": "MIT"
        },
        "node_modules/lodash.uniqwith": {
            "version": "4.5.0",
            "license": "MIT"
        },
        "node_modules/make-error": {
            "version": "1.3.6",
            "dev": true,
            "license": "ISC"
        },
        "node_modules/peek-readable": {
            "version": "5.0.0",
            "license": "MIT",
            "engines": {
                "node": ">=14.16"
            },
            "funding": {
                "type": "github",
                "url": "https://github.com/sponsors/Borewit"
            }
        },
        "node_modules/readable-stream": {
            "version": "3.6.0",
            "license": "MIT",
            "dependencies": {
                "inherits": "^2.0.3",
                "string_decoder": "^1.1.1",
                "util-deprecate": "^1.0.1"
            },
            "engines": {
                "node": ">= 6"
            }
        },
        "node_modules/readable-web-to-node-stream": {
            "version": "3.0.2",
            "license": "MIT",
            "dependencies": {
                "readable-stream": "^3.6.0"
            },
            "engines": {
                "node": ">=8"
            },
            "funding": {
                "type": "github",
                "url": "https://github.com/sponsors/Borewit"
            }
        },
        "node_modules/safe-buffer": {
            "version": "5.2.1",
            "funding": [
                {
                    "type": "github",
                    "url": "https://github.com/sponsors/feross"
                },
                {
                    "type": "patreon",
                    "url": "https://www.patreon.com/feross"
                },
                {
                    "type": "consulting",
                    "url": "https://feross.org/support"
                }
            ],
            "license": "MIT"
        },
        "node_modules/streamsearch": {
            "version": "1.1.0",
            "engines": {
                "node": ">=10.0.0"
            }
        },
        "node_modules/string_decoder": {
            "version": "1.3.0",
            "license": "MIT",
            "dependencies": {
                "safe-buffer": "~5.2.0"
            }
        },
        "node_modules/strtok3": {
            "version": "7.0.0",
            "license": "MIT",
            "dependencies": {
                "@tokenizer/token": "^0.3.0",
                "peek-readable": "^5.0.0"
            },
            "engines": {
                "node": ">=14.16"
            },
            "funding": {
                "type": "github",
                "url": "https://github.com/sponsors/Borewit"
            }
        },
        "node_modules/token-types": {
            "version": "5.0.1",
            "license": "MIT",
            "dependencies": {
                "@tokenizer/token": "^0.3.0",
                "ieee754": "^1.2.1"
            },
            "engines": {
                "node": ">=14.16"
            },
            "funding": {
                "type": "github",
                "url": "https://github.com/sponsors/Borewit"
            }
        },
        "node_modules/ts-mixer": {
            "version": "6.0.2",
            "license": "MIT"
        },
        "node_modules/ts-node": {
            "version": "10.9.1",
            "dev": true,
            "license": "MIT",
            "dependencies": {
                "@cspotcode/source-map-support": "^0.8.0",
                "@tsconfig/node10": "^1.0.7",
                "@tsconfig/node12": "^1.0.7",
                "@tsconfig/node14": "^1.0.0",
                "@tsconfig/node16": "^1.0.2",
                "acorn": "^8.4.1",
                "acorn-walk": "^8.1.1",
                "arg": "^4.1.0",
                "create-require": "^1.1.0",
                "diff": "^4.0.1",
                "make-error": "^1.1.1",
                "v8-compile-cache-lib": "^3.0.1",
                "yn": "3.1.1"
            },
            "bin": {
                "ts-node": "dist/bin.js",
                "ts-node-cwd": "dist/bin-cwd.js",
                "ts-node-esm": "dist/bin-esm.js",
                "ts-node-script": "dist/bin-script.js",
                "ts-node-transpile-only": "dist/bin-transpile.js",
                "ts-script": "dist/bin-script-deprecated.js"
            },
            "peerDependencies": {
                "@swc/core": ">=1.2.50",
                "@swc/wasm": ">=1.2.50",
                "@types/node": "*",
                "typescript": ">=2.7"
            },
            "peerDependenciesMeta": {
                "@swc/core": {
                    "optional": true
                },
                "@swc/wasm": {
                    "optional": true
                }
            }
        },
        "node_modules/tslib": {
            "version": "2.4.1",
            "license": "0BSD"
        },
        "node_modules/typescript": {
            "version": "4.9.3",
            "dev": true,
            "license": "Apache-2.0",
            "bin": {
                "tsc": "bin/tsc",
                "tsserver": "bin/tsserver"
            },
            "engines": {
                "node": ">=4.2.0"
            }
        },
        "node_modules/undici": {
            "version": "5.12.0",
            "license": "MIT",
            "dependencies": {
                "busboy": "^1.6.0"
            },
            "engines": {
                "node": ">=12.18"
            }
        },
        "node_modules/util-deprecate": {
            "version": "1.0.2",
            "license": "MIT"
        },
        "node_modules/v8-compile-cache-lib": {
            "version": "3.0.1",
            "dev": true,
            "license": "MIT"
        },
        "node_modules/ws": {
            "version": "8.11.0",
            "license": "MIT",
            "engines": {
                "node": ">=10.0.0"
            },
            "peerDependencies": {
                "bufferutil": "^4.0.1",
                "utf-8-validate": "^5.0.2"
            },
            "peerDependenciesMeta": {
                "bufferutil": {
                    "optional": true
                },
                "utf-8-validate": {
                    "optional": true
                }
            }
        },
        "node_modules/yn": {
            "version": "3.1.1",
            "dev": true,
            "license": "MIT",
            "engines": {
                "node": ">=6"
            }
        }
    },
    "dependencies": {
        "@cspotcode/source-map-support": {
            "version": "0.8.1",
            "dev": true,
            "requires": {
                "@jridgewell/trace-mapping": "0.3.9"
            }
        },
        "@discordjs/builders": {
            "version": "1.3.0",
            "requires": {
                "@discordjs/util": "^0.1.0",
                "@sapphire/shapeshift": "^3.7.0",
                "discord-api-types": "^0.37.12",
                "fast-deep-equal": "^3.1.3",
                "ts-mixer": "^6.0.1",
                "tslib": "^2.4.0"
            }
        },
        "@discordjs/collection": {
            "version": "1.2.0"
        },
        "@discordjs/rest": {
            "version": "1.3.0",
            "requires": {
                "@discordjs/collection": "^1.2.0",
                "@discordjs/util": "^0.1.0",
                "@sapphire/async-queue": "^1.5.0",
                "@sapphire/snowflake": "^3.2.2",
                "discord-api-types": "^0.37.12",
                "file-type": "^18.0.0",
                "tslib": "^2.4.0",
                "undici": "^5.11.0"
            }
        },
        "@discordjs/util": {
            "version": "0.1.0"
        },
        "@jridgewell/resolve-uri": {
            "version": "3.1.0",
            "dev": true
        },
        "@jridgewell/sourcemap-codec": {
            "version": "1.4.14",
            "dev": true
        },
        "@jridgewell/trace-mapping": {
            "version": "0.3.9",
            "dev": true,
            "requires": {
                "@jridgewell/resolve-uri": "^3.0.3",
                "@jridgewell/sourcemap-codec": "^1.4.10"
            }
        },
        "@sapphire/async-queue": {
            "version": "1.5.0"
        },
        "@sapphire/shapeshift": {
            "version": "3.7.0",
            "requires": {
                "fast-deep-equal": "^3.1.3",
                "lodash.uniqwith": "^4.5.0"
            }
        },
        "@sapphire/snowflake": {
            "version": "3.2.2"
        },
        "@tokenizer/token": {
            "version": "0.3.0"
        },
        "@tsconfig/node10": {
            "version": "1.0.9",
            "dev": true
        },
        "@tsconfig/node12": {
            "version": "1.0.11",
            "dev": true
        },
        "@tsconfig/node14": {
            "version": "1.0.3",
            "dev": true
        },
        "@tsconfig/node16": {
            "version": "1.0.3",
            "dev": true
        },
        "@types/node": {
            "version": "18.11.9"
        },
        "@types/ws": {
            "version": "8.5.3",
            "requires": {
                "@types/node": "*"
            }
        },
        "acorn": {
            "version": "8.8.1",
            "dev": true
        },
        "acorn-walk": {
            "version": "8.2.0",
            "dev": true
        },
        "arg": {
            "version": "4.1.3",
            "dev": true
        },
        "busboy": {
            "version": "1.6.0",
            "requires": {
                "streamsearch": "^1.1.0"
            }
        },
        "create-require": {
            "version": "1.1.1",
            "dev": true
        },
        "diff": {
            "version": "4.0.2",
            "dev": true
        },
        "discord-api-types": {
            "version": "0.37.18"
        },
        "discord.js": {
            "version": "14.6.0",
            "requires": {
                "@discordjs/builders": "^1.3.0",
                "@discordjs/collection": "^1.2.0",
                "@discordjs/rest": "^1.3.0",
                "@discordjs/util": "^0.1.0",
                "@sapphire/snowflake": "^3.2.2",
                "@types/ws": "^8.5.3",
                "discord-api-types": "^0.37.12",
                "fast-deep-equal": "^3.1.3",
                "lodash.snakecase": "^4.1.1",
                "tslib": "^2.4.0",
                "undici": "^5.11.0",
                "ws": "^8.9.0"
            }
        },
        "dotenv": {
            "version": "16.0.3",
            "resolved": "https://registry.npmjs.org/dotenv/-/dotenv-16.0.3.tgz",
            "integrity": "sha512-7GO6HghkA5fYG9TYnNxi14/7K9f5occMlp3zXAuSxn7CKCxt9xbNWG7yF8hTCSUchlfWSe3uLmlPfigevRItzQ=="
        },
        "fast-deep-equal": {
            "version": "3.1.3"
        },
        "file-type": {
            "version": "18.0.0",
            "requires": {
                "readable-web-to-node-stream": "^3.0.2",
                "strtok3": "^7.0.0",
                "token-types": "^5.0.1"
            }
        },
        "ieee754": {
            "version": "1.2.1"
        },
        "inherits": {
            "version": "2.0.4"
        },
        "lodash.snakecase": {
            "version": "4.1.1"
        },
        "lodash.uniqwith": {
            "version": "4.5.0"
        },
        "make-error": {
            "version": "1.3.6",
            "dev": true
        },
        "peek-readable": {
            "version": "5.0.0"
        },
        "readable-stream": {
            "version": "3.6.0",
            "requires": {
                "inherits": "^2.0.3",
                "string_decoder": "^1.1.1",
                "util-deprecate": "^1.0.1"
            }
        },
        "readable-web-to-node-stream": {
            "version": "3.0.2",
            "requires": {
                "readable-stream": "^3.6.0"
            }
        },
        "safe-buffer": {
            "version": "5.2.1"
        },
        "streamsearch": {
            "version": "1.1.0"
        },
        "string_decoder": {
            "version": "1.3.0",
            "requires": {
                "safe-buffer": "~5.2.0"
            }
        },
        "strtok3": {
            "version": "7.0.0",
            "requires": {
                "@tokenizer/token": "^0.3.0",
                "peek-readable": "^5.0.0"
            }
        },
        "token-types": {
            "version": "5.0.1",
            "requires": {
                "@tokenizer/token": "^0.3.0",
                "ieee754": "^1.2.1"
            }
        },
        "ts-mixer": {
            "version": "6.0.2"
        },
        "ts-node": {
            "version": "10.9.1",
            "dev": true,
            "requires": {
                "@cspotcode/source-map-support": "^0.8.0",
                "@tsconfig/node10": "^1.0.7",
                "@tsconfig/node12": "^1.0.7",
                "@tsconfig/node14": "^1.0.0",
                "@tsconfig/node16": "^1.0.2",
                "acorn": "^8.4.1",
                "acorn-walk": "^8.1.1",
                "arg": "^4.1.0",
                "create-require": "^1.1.0",
                "diff": "^4.0.1",
                "make-error": "^1.1.1",
                "v8-compile-cache-lib": "^3.0.1",
                "yn": "3.1.1"
            }
        },
        "tslib": {
            "version": "2.4.1"
        },
        "typescript": {
            "version": "4.9.3",
            "dev": true
        },
        "undici": {
            "version": "5.12.0",
            "requires": {
                "busboy": "^1.6.0"
            }
        },
        "util-deprecate": {
            "version": "1.0.2"
        },
        "v8-compile-cache-lib": {
            "version": "3.0.1",
            "dev": true
        },
        "ws": {
            "version": "8.11.0",
            "requires": {}
        },
        "yn": {
            "version": "3.1.1",
            "dev": true
        }
    }
}
